
Microsoft Visual Studio Solution File, Format Version 12.00
# Visual Studio Version 16
VisualStudioVersion = 16.0.29806.167
MinimumVisualStudioVersion = 10.0.40219.1
Project("{9A19103F-16F7-4668-BE54-9A1E7A4F7556}") = "AspBilCrud", "AspBilCrud\AspBilCrud.csproj", "{C5034F71-FB77-424F-A513-58CB2CFBA8FD}"
EndProject
Project("{9A19103F-16F7-4668-BE54-9A1E7A4F7556}") = "AspApiCars", "AspApiCars\AspApiCars.csproj", "{319A3449-ACCC-47B0-9175-14A8120BFCFD}"
EndProject
Project("{9A19103F-16F7-4668-BE54-9A1E7A4F7556}") = "AutofokusContracts", "AutofokusContracts\AutofokusContracts.csproj", "{DFFC61B4-8658-4F66-BBB9-87E8C112423B}"
EndProject
Project("{FAE04EC0-301F-11D3-BF4B-00C04F79EFBC}") = "AutoFokus.Service.Domain", "AutoFokus.Service.Domain\AutoFokus.Service.Domain.csproj", "{FA76197D-9060-4FFF-9E79-09FBB216B01A}"
EndProject
Project("{FAE04EC0-301F-11D3-BF4B-00C04F79EFBC}") = "AutoFokus.Service.Infrastructure", "AutoFokus.Service.Infrastructure\AutoFokus.Service.Infrastructure.csproj", "{41E447BB-B932-432C-94C0-84B970695057}"
EndProject
Global
	GlobalSection(SolutionConfigurationPlatforms) = preSolution
		Debug|Any CPU = Debug|Any CPU
		Release|Any CPU = Release|Any CPU
	EndGlobalSection
	GlobalSection(ProjectConfigurationPlatforms) = postSolution
		{C5034F71-FB77-424F-A513-58CB2CFBA8FD}.Debug|Any CPU.ActiveCfg = Debug|Any CPU
		{C5034F71-FB77-424F-A513-58CB2CFBA8FD}.Debug|Any CPU.Build.0 = Debug|Any CPU
		{C5034F71-FB77-424F-A513-58CB2CFBA8FD}.Release|Any CPU.ActiveCfg = Release|Any CPU
		{C5034F71-FB77-424F-A513-58CB2CFBA8FD}.Release|Any CPU.Build.0 = Release|Any CPU
		{319A3449-ACCC-47B0-9175-14A8120BFCFD}.Debug|Any CPU.ActiveCfg = Debug|Any CPU
		{319A3449-ACCC-47B0-9175-14A8120BFCFD}.Debug|Any CPU.Build.0 = Debug|Any CPU
		{319A3449-ACCC-47B0-9175-14A8120BFCFD}.Release|Any CPU.ActiveCfg = Release|Any CPU
		{319A3449-ACCC-47B0-9175-14A8120BFCFD}.Release|Any CPU.Build.0 = Release|Any CPU
		{DFFC61B4-8658-4F66-BBB9-87E8C112423B}.Debug|Any CPU.ActiveCfg = Debug|Any CPU
		{DFFC61B4-8658-4F66-BBB9-87E8C112423B}.Debug|Any CPU.Build.0 = Debug|Any CPU
		{DFFC61B4-8658-4F66-BBB9-87E8C112423B}.Release|Any CPU.ActiveCfg = Release|Any CPU
		{DFFC61B4-8658-4F66-BBB9-87E8C112423B}.Release|Any CPU.Build.0 = Release|Any CPU
		{FA76197D-9060-4FFF-9E79-09FBB216B01A}.Debug|Any CPU.ActiveCfg = Debug|Any CPU
		{FA76197D-9060-4FFF-9E79-09FBB216B01A}.Debug|Any CPU.Build.0 = Debug|Any CPU
		{FA76197D-9060-4FFF-9E79-09FBB216B01A}.Release|Any CPU.ActiveCfg = Release|Any CPU
		{FA76197D-9060-4FFF-9E79-09FBB216B01A}.Release|Any CPU.Build.0 = Release|Any CPU
		{41E447BB-B932-432C-94C0-84B970695057}.Debug|Any CPU.ActiveCfg = Debug|Any CPU
		{41E447BB-B932-432C-94C0-84B970695057}.Debug|Any CPU.Build.0 = Debug|Any CPU
		{41E447BB-B932-432C-94C0-84B970695057}.Release|Any CPU.ActiveCfg = Release|Any CPU
		{41E447BB-B932-432C-94C0-84B970695057}.Release|Any CPU.Build.0 = Release|Any CPU
	EndGlobalSection
	GlobalSection(SolutionProperties) = preSolution
		HideSolutionNode = FALSE
	EndGlobalSection
	GlobalSection(ExtensibilityGlobals) = postSolution
		SolutionGuid = {F6364897-241E-42E8-9727-0AA1BD357EAA}
	EndGlobalSection
EndGlobal
